
Microsoft Visual Studio Solution File, Format Version 12.00
# Visual Studio 15
Project("{FAE04EC0-301F-11D3-BF4B-00C04F79EFBC}") = "Assembly-CSharp", "Assembly-CSharp.csproj", "{2B33D4B7-768F-B021-459E-EAA18BB8F7BD}"
EndProject
Project("{FAE04EC0-301F-11D3-BF4B-00C04F79EFBC}") = "Assembly-CSharp-Editor", "Assembly-CSharp-Editor.csproj", "{F835FA93-C47D-57D4-FE18-094868A77B8C}"
EndProject
Global
	GlobalSection(SolutionConfigurationPlatforms) = preSolution
		Debug|Any CPU = Debug|Any CPU
		Release|Any CPU = Release|Any CPU
	EndGlobalSection
	GlobalSection(ProjectConfigurationPlatforms) = postSolution
		{2B33D4B7-768F-B021-459E-EAA18BB8F7BD}.Debug|Any CPU.ActiveCfg = Debug|Any CPU
		{2B33D4B7-768F-B021-459E-EAA18BB8F7BD}.Debug|Any CPU.Build.0 = Debug|Any CPU
		{2B33D4B7-768F-B021-459E-EAA18BB8F7BD}.Release|Any CPU.ActiveCfg = Release|Any CPU
		{2B33D4B7-768F-B021-459E-EAA18BB8F7BD}.Release|Any CPU.Build.0 = Release|Any CPU
		{F835FA93-C47D-57D4-FE18-094868A77B8C}.Debug|Any CPU.ActiveCfg = Debug|Any CPU
		{F835FA93-C47D-57D4-FE18-094868A77B8C}.Debug|Any CPU.Build.0 = Debug|Any CPU
		{F835FA93-C47D-57D4-FE18-094868A77B8C}.Release|Any CPU.ActiveCfg = Release|Any CPU
		{F835FA93-C47D-57D4-FE18-094868A77B8C}.Release|Any CPU.Build.0 = Release|Any CPU
	EndGlobalSection
	GlobalSection(SolutionProperties) = preSolution
		HideSolutionNode = FALSE
	EndGlobalSection
EndGlobal
